
Microsoft Visual Studio Solution File, Format Version 12.00
# Visual Studio Version 17
VisualStudioVersion = 17.5.33414.496
MinimumVisualStudioVersion = 10.0.40219.1
Project("{9A19103F-16F7-4668-BE54-9A1E7A4F7556}") = "DN.Domain", "src\DN.Domain\DN.Domain.csproj", "{554AD327-6DBA-4F8F-96F8-81CE7A0C863F}"
EndProject
Project("{9A19103F-16F7-4668-BE54-9A1E7A4F7556}") = "DN.CRM.TestBase", "modules\DN.CRM\test\DN.CRM.TestBase\DN.CRM.TestBase.csproj", "{41ec5df1-3d6a-4d1c-bd91-968478993058}"
EndProject
Project("{9A19103F-16F7-4668-BE54-9A1E7A4F7556}") = "DN.CRM.HttpApi.Client.ConsoleTestApp", "modules\DN.CRM\test\DN.CRM.HttpApi.Client.ConsoleTestApp\DN.CRM.HttpApi.Client.ConsoleTestApp.csproj", "{3f93c433-341c-4a9e-8d81-ef8731572f08}"
EndProject
Project("{9A19103F-16F7-4668-BE54-9A1E7A4F7556}") = "DN.CRM.EntityFrameworkCore.Tests", "modules\DN.CRM\test\DN.CRM.EntityFrameworkCore.Tests\DN.CRM.EntityFrameworkCore.Tests.csproj", "{9e89873f-78a7-4002-bc5a-516566f59404}"
EndProject
Project("{9A19103F-16F7-4668-BE54-9A1E7A4F7556}") = "DN.CRM.Domain.Tests", "modules\DN.CRM\test\DN.CRM.Domain.Tests\DN.CRM.Domain.Tests.csproj", "{62dfa48d-42b7-4fc1-a4ff-1b14c20594b2}"
EndProject
Project("{9A19103F-16F7-4668-BE54-9A1E7A4F7556}") = "DN.CRM.Application.Tests", "modules\DN.CRM\test\DN.CRM.Application.Tests\DN.CRM.Application.Tests.csproj", "{e3038373-a689-47d8-96ec-f9a7c8765908}"
EndProject
Project("{9A19103F-16F7-4668-BE54-9A1E7A4F7556}") = "DN.CRM.Installer", "modules\DN.CRM\src\DN.CRM.Installer\DN.CRM.Installer.csproj", "{64abfb84-5a9b-446d-bf4a-3d5698e201c3}"
EndProject
Project("{9A19103F-16F7-4668-BE54-9A1E7A4F7556}") = "DN.CRM.HttpApi.Client", "modules\DN.CRM\src\DN.CRM.HttpApi.Client\DN.CRM.HttpApi.Client.csproj", "{88bb997a-2def-4ca8-9e6e-a093141f2da3}"
EndProject
Project("{9A19103F-16F7-4668-BE54-9A1E7A4F7556}") = "DN.CRM.HttpApi", "modules\DN.CRM\src\DN.CRM.HttpApi\DN.CRM.HttpApi.csproj", "{f00750b5-09f3-4293-b405-696c3aee2e0f}"
EndProject
Project("{9A19103F-16F7-4668-BE54-9A1E7A4F7556}") = "DN.CRM.EntityFrameworkCore", "modules\DN.CRM\src\DN.CRM.EntityFrameworkCore\DN.CRM.EntityFrameworkCore.csproj", "{d3beb635-069e-4f44-8a7b-d3f2021b7a9a}"
EndProject
Project("{9A19103F-16F7-4668-BE54-9A1E7A4F7556}") = "DN.CRM.Domain.Shared", "modules\DN.CRM\src\DN.CRM.Domain.Shared\DN.CRM.Domain.Shared.csproj", "{bccf7c7f-0685-4d74-8435-99ab7bb9f9a3}"
EndProject
Project("{9A19103F-16F7-4668-BE54-9A1E7A4F7556}") = "DN.CRM.Domain", "modules\DN.CRM\src\DN.CRM.Domain\DN.CRM.Domain.csproj", "{0695fbcd-5bbc-4040-baf8-b11f47f29489}"
EndProject
Project("{9A19103F-16F7-4668-BE54-9A1E7A4F7556}") = "DN.CRM.Blazor.WebAssembly", "modules\DN.CRM\src\DN.CRM.Blazor.WebAssembly\DN.CRM.Blazor.WebAssembly.csproj", "{297ba109-37bf-48c7-948c-399f975cdcc5}"
EndProject
Project("{9A19103F-16F7-4668-BE54-9A1E7A4F7556}") = "DN.CRM.Blazor", "modules\DN.CRM\src\DN.CRM.Blazor\DN.CRM.Blazor.csproj", "{59dc4244-e69e-441f-b5e0-8bdd0aec67ff}"
EndProject
Project("{9A19103F-16F7-4668-BE54-9A1E7A4F7556}") = "DN.CRM.Application.Contracts", "modules\DN.CRM\src\DN.CRM.Application.Contracts\DN.CRM.Application.Contracts.csproj", "{9ef4d6ba-87e6-4af8-803b-3ab26e33e143}"
EndProject
Project("{9A19103F-16F7-4668-BE54-9A1E7A4F7556}") = "DN.CRM.Application", "modules\DN.CRM\src\DN.CRM.Application\DN.CRM.Application.csproj", "{44f60f6f-df56-4549-8991-0639656c2f58}"
EndProject
Project("{2150E333-8FDC-42A3-9474-1A3956D46DE8}") = "DN.CRM.Tests", "DN.CRM.Tests", "{bf3fb587-9d7a-4ea2-a8b1-7f2e47e97f51}"
EndProject
Project("{2150E333-8FDC-42A3-9474-1A3956D46DE8}") = "DN.CRM", "DN.CRM", "{3ee66aaa-541d-4de8-adfc-f71cb30c318e}"
EndProject
Project("{9A19103F-16F7-4668-BE54-9A1E7A4F7556}") = "DN.BookStore.TestBase", "modules\DN.BookStore\test\DN.BookStore.TestBase\DN.BookStore.TestBase.csproj", "{0E431625-D532-47A7-AC6A-8EBE47979B48}"
EndProject
Project("{9A19103F-16F7-4668-BE54-9A1E7A4F7556}") = "DN.BookStore.HttpApi.Client.ConsoleTestApp", "modules\DN.BookStore\test\DN.BookStore.HttpApi.Client.ConsoleTestApp\DN.BookStore.HttpApi.Client.ConsoleTestApp.csproj", "{FEB07A69-5E5C-4E40-9155-BB6EBEAD24BC}"
EndProject
Project("{9A19103F-16F7-4668-BE54-9A1E7A4F7556}") = "DN.BookStore.EntityFrameworkCore.Tests", "modules\DN.BookStore\test\DN.BookStore.EntityFrameworkCore.Tests\DN.BookStore.EntityFrameworkCore.Tests.csproj", "{078016EA-CC8E-4E63-B2D2-63D69CDB696E}"
EndProject
Project("{9A19103F-16F7-4668-BE54-9A1E7A4F7556}") = "DN.BookStore.Domain.Tests", "modules\DN.BookStore\test\DN.BookStore.Domain.Tests\DN.BookStore.Domain.Tests.csproj", "{1617DDAC-592B-43DB-B307-1A6B5DBE18F0}"
EndProject
Project("{9A19103F-16F7-4668-BE54-9A1E7A4F7556}") = "DN.BookStore.Application.Tests", "modules\DN.BookStore\test\DN.BookStore.Application.Tests\DN.BookStore.Application.Tests.csproj", "{CB4B7B76-A93A-4A14-A3D9-7BF10F257AE1}"
EndProject
Project("{9A19103F-16F7-4668-BE54-9A1E7A4F7556}") = "DN.BookStore.Installer", "modules\DN.BookStore\src\DN.BookStore.Installer\DN.BookStore.Installer.csproj", "{359884D9-1A04-43CD-BBB3-AB0A8751555E}"
EndProject
Project("{9A19103F-16F7-4668-BE54-9A1E7A4F7556}") = "DN.BookStore.HttpApi.Client", "modules\DN.BookStore\src\DN.BookStore.HttpApi.Client\DN.BookStore.HttpApi.Client.csproj", "{EDA8E1D4-2833-4AA4-BA28-A0CEBDED4DBF}"
EndProject
Project("{9A19103F-16F7-4668-BE54-9A1E7A4F7556}") = "DN.BookStore.HttpApi", "modules\DN.BookStore\src\DN.BookStore.HttpApi\DN.BookStore.HttpApi.csproj", "{C43A7912-4E36-4793-AA23-F81726F44604}"
EndProject
Project("{9A19103F-16F7-4668-BE54-9A1E7A4F7556}") = "DN.BookStore.EntityFrameworkCore", "modules\DN.BookStore\src\DN.BookStore.EntityFrameworkCore\DN.BookStore.EntityFrameworkCore.csproj", "{729A352D-1904-4F2D-9C96-2802CD74D1EA}"
EndProject
Project("{9A19103F-16F7-4668-BE54-9A1E7A4F7556}") = "DN.BookStore.Domain.Shared", "modules\DN.BookStore\src\DN.BookStore.Domain.Shared\DN.BookStore.Domain.Shared.csproj", "{E3A1E563-FEA4-4DA1-8831-25664A8D7A0E}"
EndProject
Project("{9A19103F-16F7-4668-BE54-9A1E7A4F7556}") = "DN.BookStore.Domain", "modules\DN.BookStore\src\DN.BookStore.Domain\DN.BookStore.Domain.csproj", "{4161607D-E373-45D2-A1CF-59F2F0DE5DE8}"
EndProject
Project("{9A19103F-16F7-4668-BE54-9A1E7A4F7556}") = "DN.BookStore.Blazor.WebAssembly", "modules\DN.BookStore\src\DN.BookStore.Blazor.WebAssembly\DN.BookStore.Blazor.WebAssembly.csproj", "{BE52A207-D654-4293-A222-D90447C2F6C6}"
EndProject
Project("{9A19103F-16F7-4668-BE54-9A1E7A4F7556}") = "DN.BookStore.Blazor", "modules\DN.BookStore\src\DN.BookStore.Blazor\DN.BookStore.Blazor.csproj", "{C835D39F-48DD-4852-905A-E0FED05D6A10}"
EndProject
Project("{9A19103F-16F7-4668-BE54-9A1E7A4F7556}") = "DN.BookStore.Application.Contracts", "modules\DN.BookStore\src\DN.BookStore.Application.Contracts\DN.BookStore.Application.Contracts.csproj", "{E4E69A61-41FE-4BFA-BFD1-0FEC8A8B8586}"
EndProject
Project("{9A19103F-16F7-4668-BE54-9A1E7A4F7556}") = "DN.BookStore.Application", "modules\DN.BookStore\src\DN.BookStore.Application\DN.BookStore.Application.csproj", "{1720FCEF-9817-49BA-9800-D41EEE89629D}"
EndProject
Project("{2150E333-8FDC-42A3-9474-1A3956D46DE8}") = "DN.BookStore.Tests", "DN.BookStore.Tests", "{528923AA-2D61-45FB-87BC-BA1C7BF8CF71}"
EndProject
Project("{2150E333-8FDC-42A3-9474-1A3956D46DE8}") = "DN.BookStore", "DN.BookStore", "{7FF6D3CF-F01C-4C0B-BF8B-9A0F97956B4B}"
EndProject
Project("{2150E333-8FDC-42A3-9474-1A3956D46DE8}") = "modules", "modules", "{B05D4B58-F0F6-4BDE-8DEC-D892A7C86D0E}"
EndProject
Project("{9A19103F-16F7-4668-BE54-9A1E7A4F7556}") = "DN.Application", "src\DN.Application\DN.Application.csproj", "{1A94A50E-06DC-43C1-80B5-B662820EC3EB}"
EndProject
Project("{9A19103F-16F7-4668-BE54-9A1E7A4F7556}") = "DN.EntityFrameworkCore", "src\DN.EntityFrameworkCore\DN.EntityFrameworkCore.csproj", "{C956DD76-69C8-4A9C-83EA-D17DF83340FD}"
EndProject
Project("{2150E333-8FDC-42A3-9474-1A3956D46DE8}") = "src", "src", "{CA9AC87F-097E-4F15-8393-4BC07735A5B0}"
EndProject
Project("{2150E333-8FDC-42A3-9474-1A3956D46DE8}") = "test", "test", "{04DBDB01-70F4-4E06-B468-8F87850B22BE}"
EndProject
Project("{9A19103F-16F7-4668-BE54-9A1E7A4F7556}") = "DN.Application.Tests", "test\DN.Application.Tests\DN.Application.Tests.csproj", "{50B2631D-129C-47B3-A587-029CCD6099BC}"
EndProject
Project("{9A19103F-16F7-4668-BE54-9A1E7A4F7556}") = "DN.Domain.Shared", "src\DN.Domain.Shared\DN.Domain.Shared.csproj", "{42F719ED-8413-4895-B5B4-5AB56079BC66}"
EndProject
Project("{9A19103F-16F7-4668-BE54-9A1E7A4F7556}") = "DN.Application.Contracts", "src\DN.Application.Contracts\DN.Application.Contracts.csproj", "{520659C8-C734-4298-A3DA-B539DB9DFC0B}"
EndProject
Project("{9A19103F-16F7-4668-BE54-9A1E7A4F7556}") = "DN.HttpApi", "src\DN.HttpApi\DN.HttpApi.csproj", "{4164BDF7-F527-4E85-9CE6-E3C2D7426A27}"
EndProject
Project("{9A19103F-16F7-4668-BE54-9A1E7A4F7556}") = "DN.HttpApi.Client", "src\DN.HttpApi.Client\DN.HttpApi.Client.csproj", "{3B5A0094-670D-4BB1-BFDD-61B88A8773DC}"
EndProject
Project("{9A19103F-16F7-4668-BE54-9A1E7A4F7556}") = "DN.AuthServer", "src\DN.AuthServer\DN.AuthServer.csproj", "{073C361E-B8F4-49F5-93CC-72A3FF49C026}"
EndProject
Project("{9A19103F-16F7-4668-BE54-9A1E7A4F7556}") = "DN.HttpApi.Host", "src\DN.HttpApi.Host\DN.HttpApi.Host.csproj", "{E6D5BF0E-DE92-4D82-A352-EF04B37CB11C}"
EndProject
Project("{9A19103F-16F7-4668-BE54-9A1E7A4F7556}") = "DN.EntityFrameworkCore.Tests", "test\DN.EntityFrameworkCore.Tests\DN.EntityFrameworkCore.Tests.csproj", "{1FE30EB9-74A9-47F5-A9F6-7B1FAB672D81}"
EndProject
Project("{9A19103F-16F7-4668-BE54-9A1E7A4F7556}") = "DN.TestBase", "test\DN.TestBase\DN.TestBase.csproj", "{91853F21-9CD9-4132-BC29-A7D5D84FFFE7}"
EndProject
Project("{9A19103F-16F7-4668-BE54-9A1E7A4F7556}") = "DN.Domain.Tests", "test\DN.Domain.Tests\DN.Domain.Tests.csproj", "{E512F4D9-9375-480F-A2F6-A46509F9D824}"
EndProject
Project("{9A19103F-16F7-4668-BE54-9A1E7A4F7556}") = "DN.HttpApi.Client.ConsoleTestApp", "test\DN.HttpApi.Client.ConsoleTestApp\DN.HttpApi.Client.ConsoleTestApp.csproj", "{EF480016-9127-4916-8735-D2466BDBC582}"
EndProject
Project("{9A19103F-16F7-4668-BE54-9A1E7A4F7556}") = "DN.DbMigrator", "src\DN.DbMigrator\DN.DbMigrator.csproj", "{AA94D832-1CCC-4715-95A9-A483F23A1A5D}"
EndProject
Project("{9A19103F-16F7-4668-BE54-9A1E7A4F7556}") = "DN.Blazor", "src\DN.Blazor\DN.Blazor.csproj", "{27B2DDC7-8B75-4322-A312-25419C15D9D8}"
EndProject
Global
	GlobalSection(SolutionConfigurationPlatforms) = preSolution
		Debug|Any CPU = Debug|Any CPU
		Release|Any CPU = Release|Any CPU
	EndGlobalSection
	GlobalSection(ProjectConfigurationPlatforms) = postSolution
		{41ec5df1-3d6a-4d1c-bd91-968478993058}.Debug|Any CPU.ActiveCfg = Debug|Any CPU
		{41ec5df1-3d6a-4d1c-bd91-968478993058}.Debug|Any CPU.Build.0 = Debug|Any CPU
		{41ec5df1-3d6a-4d1c-bd91-968478993058}.Release|Any CPU.ActiveCfg = Release|Any CPU
		{41ec5df1-3d6a-4d1c-bd91-968478993058}.Release|Any CPU.Build.0 = Release|Any CPU
		{3f93c433-341c-4a9e-8d81-ef8731572f08}.Debug|Any CPU.ActiveCfg = Debug|Any CPU
		{3f93c433-341c-4a9e-8d81-ef8731572f08}.Debug|Any CPU.Build.0 = Debug|Any CPU
		{3f93c433-341c-4a9e-8d81-ef8731572f08}.Release|Any CPU.ActiveCfg = Release|Any CPU
		{3f93c433-341c-4a9e-8d81-ef8731572f08}.Release|Any CPU.Build.0 = Release|Any CPU
		{9e89873f-78a7-4002-bc5a-516566f59404}.Debug|Any CPU.ActiveCfg = Debug|Any CPU
		{9e89873f-78a7-4002-bc5a-516566f59404}.Debug|Any CPU.Build.0 = Debug|Any CPU
		{9e89873f-78a7-4002-bc5a-516566f59404}.Release|Any CPU.ActiveCfg = Release|Any CPU
		{9e89873f-78a7-4002-bc5a-516566f59404}.Release|Any CPU.Build.0 = Release|Any CPU
		{62dfa48d-42b7-4fc1-a4ff-1b14c20594b2}.Debug|Any CPU.ActiveCfg = Debug|Any CPU
		{62dfa48d-42b7-4fc1-a4ff-1b14c20594b2}.Debug|Any CPU.Build.0 = Debug|Any CPU
		{62dfa48d-42b7-4fc1-a4ff-1b14c20594b2}.Release|Any CPU.ActiveCfg = Release|Any CPU
		{62dfa48d-42b7-4fc1-a4ff-1b14c20594b2}.Release|Any CPU.Build.0 = Release|Any CPU
		{e3038373-a689-47d8-96ec-f9a7c8765908}.Debug|Any CPU.ActiveCfg = Debug|Any CPU
		{e3038373-a689-47d8-96ec-f9a7c8765908}.Debug|Any CPU.Build.0 = Debug|Any CPU
		{e3038373-a689-47d8-96ec-f9a7c8765908}.Release|Any CPU.ActiveCfg = Release|Any CPU
		{e3038373-a689-47d8-96ec-f9a7c8765908}.Release|Any CPU.Build.0 = Release|Any CPU
		{64abfb84-5a9b-446d-bf4a-3d5698e201c3}.Debug|Any CPU.ActiveCfg = Debug|Any CPU
		{64abfb84-5a9b-446d-bf4a-3d5698e201c3}.Debug|Any CPU.Build.0 = Debug|Any CPU
		{64abfb84-5a9b-446d-bf4a-3d5698e201c3}.Release|Any CPU.ActiveCfg = Release|Any CPU
		{64abfb84-5a9b-446d-bf4a-3d5698e201c3}.Release|Any CPU.Build.0 = Release|Any CPU
		{88bb997a-2def-4ca8-9e6e-a093141f2da3}.Debug|Any CPU.ActiveCfg = Debug|Any CPU
		{88bb997a-2def-4ca8-9e6e-a093141f2da3}.Debug|Any CPU.Build.0 = Debug|Any CPU
		{88bb997a-2def-4ca8-9e6e-a093141f2da3}.Release|Any CPU.ActiveCfg = Release|Any CPU
		{88bb997a-2def-4ca8-9e6e-a093141f2da3}.Release|Any CPU.Build.0 = Release|Any CPU
		{f00750b5-09f3-4293-b405-696c3aee2e0f}.Debug|Any CPU.ActiveCfg = Debug|Any CPU
		{f00750b5-09f3-4293-b405-696c3aee2e0f}.Debug|Any CPU.Build.0 = Debug|Any CPU
		{f00750b5-09f3-4293-b405-696c3aee2e0f}.Release|Any CPU.ActiveCfg = Release|Any CPU
		{f00750b5-09f3-4293-b405-696c3aee2e0f}.Release|Any CPU.Build.0 = Release|Any CPU
		{d3beb635-069e-4f44-8a7b-d3f2021b7a9a}.Debug|Any CPU.ActiveCfg = Debug|Any CPU
		{d3beb635-069e-4f44-8a7b-d3f2021b7a9a}.Debug|Any CPU.Build.0 = Debug|Any CPU
		{d3beb635-069e-4f44-8a7b-d3f2021b7a9a}.Release|Any CPU.ActiveCfg = Release|Any CPU
		{d3beb635-069e-4f44-8a7b-d3f2021b7a9a}.Release|Any CPU.Build.0 = Release|Any CPU
		{bccf7c7f-0685-4d74-8435-99ab7bb9f9a3}.Debug|Any CPU.ActiveCfg = Debug|Any CPU
		{bccf7c7f-0685-4d74-8435-99ab7bb9f9a3}.Debug|Any CPU.Build.0 = Debug|Any CPU
		{bccf7c7f-0685-4d74-8435-99ab7bb9f9a3}.Release|Any CPU.ActiveCfg = Release|Any CPU
		{bccf7c7f-0685-4d74-8435-99ab7bb9f9a3}.Release|Any CPU.Build.0 = Release|Any CPU
		{0695fbcd-5bbc-4040-baf8-b11f47f29489}.Debug|Any CPU.ActiveCfg = Debug|Any CPU
		{0695fbcd-5bbc-4040-baf8-b11f47f29489}.Debug|Any CPU.Build.0 = Debug|Any CPU
		{0695fbcd-5bbc-4040-baf8-b11f47f29489}.Release|Any CPU.ActiveCfg = Release|Any CPU
		{0695fbcd-5bbc-4040-baf8-b11f47f29489}.Release|Any CPU.Build.0 = Release|Any CPU
		{297ba109-37bf-48c7-948c-399f975cdcc5}.Debug|Any CPU.ActiveCfg = Debug|Any CPU
		{297ba109-37bf-48c7-948c-399f975cdcc5}.Debug|Any CPU.Build.0 = Debug|Any CPU
		{297ba109-37bf-48c7-948c-399f975cdcc5}.Release|Any CPU.ActiveCfg = Release|Any CPU
		{297ba109-37bf-48c7-948c-399f975cdcc5}.Release|Any CPU.Build.0 = Release|Any CPU
		{59dc4244-e69e-441f-b5e0-8bdd0aec67ff}.Debug|Any CPU.ActiveCfg = Debug|Any CPU
		{59dc4244-e69e-441f-b5e0-8bdd0aec67ff}.Debug|Any CPU.Build.0 = Debug|Any CPU
		{59dc4244-e69e-441f-b5e0-8bdd0aec67ff}.Release|Any CPU.ActiveCfg = Release|Any CPU
		{59dc4244-e69e-441f-b5e0-8bdd0aec67ff}.Release|Any CPU.Build.0 = Release|Any CPU
		{9ef4d6ba-87e6-4af8-803b-3ab26e33e143}.Debug|Any CPU.ActiveCfg = Debug|Any CPU
		{9ef4d6ba-87e6-4af8-803b-3ab26e33e143}.Debug|Any CPU.Build.0 = Debug|Any CPU
		{9ef4d6ba-87e6-4af8-803b-3ab26e33e143}.Release|Any CPU.ActiveCfg = Release|Any CPU
		{9ef4d6ba-87e6-4af8-803b-3ab26e33e143}.Release|Any CPU.Build.0 = Release|Any CPU
		{44f60f6f-df56-4549-8991-0639656c2f58}.Debug|Any CPU.ActiveCfg = Debug|Any CPU
		{44f60f6f-df56-4549-8991-0639656c2f58}.Debug|Any CPU.Build.0 = Debug|Any CPU
		{44f60f6f-df56-4549-8991-0639656c2f58}.Release|Any CPU.ActiveCfg = Release|Any CPU
		{44f60f6f-df56-4549-8991-0639656c2f58}.Release|Any CPU.Build.0 = Release|Any CPU
		{554AD327-6DBA-4F8F-96F8-81CE7A0C863F}.Debug|Any CPU.ActiveCfg = Debug|Any CPU
		{554AD327-6DBA-4F8F-96F8-81CE7A0C863F}.Debug|Any CPU.Build.0 = Debug|Any CPU
		{554AD327-6DBA-4F8F-96F8-81CE7A0C863F}.Release|Any CPU.ActiveCfg = Release|Any CPU
		{554AD327-6DBA-4F8F-96F8-81CE7A0C863F}.Release|Any CPU.Build.0 = Release|Any CPU
		{0E431625-D532-47A7-AC6A-8EBE47979B48}.Debug|Any CPU.ActiveCfg = Debug|Any CPU
		{0E431625-D532-47A7-AC6A-8EBE47979B48}.Debug|Any CPU.Build.0 = Debug|Any CPU
		{0E431625-D532-47A7-AC6A-8EBE47979B48}.Release|Any CPU.ActiveCfg = Release|Any CPU
		{0E431625-D532-47A7-AC6A-8EBE47979B48}.Release|Any CPU.Build.0 = Release|Any CPU
		{FEB07A69-5E5C-4E40-9155-BB6EBEAD24BC}.Debug|Any CPU.ActiveCfg = Debug|Any CPU
		{FEB07A69-5E5C-4E40-9155-BB6EBEAD24BC}.Debug|Any CPU.Build.0 = Debug|Any CPU
		{FEB07A69-5E5C-4E40-9155-BB6EBEAD24BC}.Release|Any CPU.ActiveCfg = Release|Any CPU
		{FEB07A69-5E5C-4E40-9155-BB6EBEAD24BC}.Release|Any CPU.Build.0 = Release|Any CPU
		{078016EA-CC8E-4E63-B2D2-63D69CDB696E}.Debug|Any CPU.ActiveCfg = Debug|Any CPU
		{078016EA-CC8E-4E63-B2D2-63D69CDB696E}.Debug|Any CPU.Build.0 = Debug|Any CPU
		{078016EA-CC8E-4E63-B2D2-63D69CDB696E}.Release|Any CPU.ActiveCfg = Release|Any CPU
		{078016EA-CC8E-4E63-B2D2-63D69CDB696E}.Release|Any CPU.Build.0 = Release|Any CPU
		{1617DDAC-592B-43DB-B307-1A6B5DBE18F0}.Debug|Any CPU.ActiveCfg = Debug|Any CPU
		{1617DDAC-592B-43DB-B307-1A6B5DBE18F0}.Debug|Any CPU.Build.0 = Debug|Any CPU
		{1617DDAC-592B-43DB-B307-1A6B5DBE18F0}.Release|Any CPU.ActiveCfg = Release|Any CPU
		{1617DDAC-592B-43DB-B307-1A6B5DBE18F0}.Release|Any CPU.Build.0 = Release|Any CPU
		{CB4B7B76-A93A-4A14-A3D9-7BF10F257AE1}.Debug|Any CPU.ActiveCfg = Debug|Any CPU
		{CB4B7B76-A93A-4A14-A3D9-7BF10F257AE1}.Debug|Any CPU.Build.0 = Debug|Any CPU
		{CB4B7B76-A93A-4A14-A3D9-7BF10F257AE1}.Release|Any CPU.ActiveCfg = Release|Any CPU
		{CB4B7B76-A93A-4A14-A3D9-7BF10F257AE1}.Release|Any CPU.Build.0 = Release|Any CPU
		{359884D9-1A04-43CD-BBB3-AB0A8751555E}.Debug|Any CPU.ActiveCfg = Debug|Any CPU
		{359884D9-1A04-43CD-BBB3-AB0A8751555E}.Debug|Any CPU.Build.0 = Debug|Any CPU
		{359884D9-1A04-43CD-BBB3-AB0A8751555E}.Release|Any CPU.ActiveCfg = Release|Any CPU
		{359884D9-1A04-43CD-BBB3-AB0A8751555E}.Release|Any CPU.Build.0 = Release|Any CPU
		{EDA8E1D4-2833-4AA4-BA28-A0CEBDED4DBF}.Debug|Any CPU.ActiveCfg = Debug|Any CPU
		{EDA8E1D4-2833-4AA4-BA28-A0CEBDED4DBF}.Debug|Any CPU.Build.0 = Debug|Any CPU
		{EDA8E1D4-2833-4AA4-BA28-A0CEBDED4DBF}.Release|Any CPU.ActiveCfg = Release|Any CPU
		{EDA8E1D4-2833-4AA4-BA28-A0CEBDED4DBF}.Release|Any CPU.Build.0 = Release|Any CPU
		{C43A7912-4E36-4793-AA23-F81726F44604}.Debug|Any CPU.ActiveCfg = Debug|Any CPU
		{C43A7912-4E36-4793-AA23-F81726F44604}.Debug|Any CPU.Build.0 = Debug|Any CPU
		{C43A7912-4E36-4793-AA23-F81726F44604}.Release|Any CPU.ActiveCfg = Release|Any CPU
		{C43A7912-4E36-4793-AA23-F81726F44604}.Release|Any CPU.Build.0 = Release|Any CPU
		{729A352D-1904-4F2D-9C96-2802CD74D1EA}.Debug|Any CPU.ActiveCfg = Debug|Any CPU
		{729A352D-1904-4F2D-9C96-2802CD74D1EA}.Debug|Any CPU.Build.0 = Debug|Any CPU
		{729A352D-1904-4F2D-9C96-2802CD74D1EA}.Release|Any CPU.ActiveCfg = Release|Any CPU
		{729A352D-1904-4F2D-9C96-2802CD74D1EA}.Release|Any CPU.Build.0 = Release|Any CPU
		{E3A1E563-FEA4-4DA1-8831-25664A8D7A0E}.Debug|Any CPU.ActiveCfg = Debug|Any CPU
		{E3A1E563-FEA4-4DA1-8831-25664A8D7A0E}.Debug|Any CPU.Build.0 = Debug|Any CPU
		{E3A1E563-FEA4-4DA1-8831-25664A8D7A0E}.Release|Any CPU.ActiveCfg = Release|Any CPU
		{E3A1E563-FEA4-4DA1-8831-25664A8D7A0E}.Release|Any CPU.Build.0 = Release|Any CPU
		{4161607D-E373-45D2-A1CF-59F2F0DE5DE8}.Debug|Any CPU.ActiveCfg = Debug|Any CPU
		{4161607D-E373-45D2-A1CF-59F2F0DE5DE8}.Debug|Any CPU.Build.0 = Debug|Any CPU
		{4161607D-E373-45D2-A1CF-59F2F0DE5DE8}.Release|Any CPU.ActiveCfg = Release|Any CPU
		{4161607D-E373-45D2-A1CF-59F2F0DE5DE8}.Release|Any CPU.Build.0 = Release|Any CPU
		{BE52A207-D654-4293-A222-D90447C2F6C6}.Debug|Any CPU.ActiveCfg = Debug|Any CPU
		{BE52A207-D654-4293-A222-D90447C2F6C6}.Debug|Any CPU.Build.0 = Debug|Any CPU
		{BE52A207-D654-4293-A222-D90447C2F6C6}.Release|Any CPU.ActiveCfg = Release|Any CPU
		{BE52A207-D654-4293-A222-D90447C2F6C6}.Release|Any CPU.Build.0 = Release|Any CPU
		{C835D39F-48DD-4852-905A-E0FED05D6A10}.Debug|Any CPU.ActiveCfg = Debug|Any CPU
		{C835D39F-48DD-4852-905A-E0FED05D6A10}.Debug|Any CPU.Build.0 = Debug|Any CPU
		{C835D39F-48DD-4852-905A-E0FED05D6A10}.Release|Any CPU.ActiveCfg = Release|Any CPU
		{C835D39F-48DD-4852-905A-E0FED05D6A10}.Release|Any CPU.Build.0 = Release|Any CPU
		{E4E69A61-41FE-4BFA-BFD1-0FEC8A8B8586}.Debug|Any CPU.ActiveCfg = Debug|Any CPU
		{E4E69A61-41FE-4BFA-BFD1-0FEC8A8B8586}.Debug|Any CPU.Build.0 = Debug|Any CPU
		{E4E69A61-41FE-4BFA-BFD1-0FEC8A8B8586}.Release|Any CPU.ActiveCfg = Release|Any CPU
		{E4E69A61-41FE-4BFA-BFD1-0FEC8A8B8586}.Release|Any CPU.Build.0 = Release|Any CPU
		{1720FCEF-9817-49BA-9800-D41EEE89629D}.Debug|Any CPU.ActiveCfg = Debug|Any CPU
		{1720FCEF-9817-49BA-9800-D41EEE89629D}.Debug|Any CPU.Build.0 = Debug|Any CPU
		{1720FCEF-9817-49BA-9800-D41EEE89629D}.Release|Any CPU.ActiveCfg = Release|Any CPU
		{1720FCEF-9817-49BA-9800-D41EEE89629D}.Release|Any CPU.Build.0 = Release|Any CPU
		{1A94A50E-06DC-43C1-80B5-B662820EC3EB}.Debug|Any CPU.ActiveCfg = Debug|Any CPU
		{1A94A50E-06DC-43C1-80B5-B662820EC3EB}.Debug|Any CPU.Build.0 = Debug|Any CPU
		{1A94A50E-06DC-43C1-80B5-B662820EC3EB}.Release|Any CPU.ActiveCfg = Release|Any CPU
		{1A94A50E-06DC-43C1-80B5-B662820EC3EB}.Release|Any CPU.Build.0 = Release|Any CPU
		{C956DD76-69C8-4A9C-83EA-D17DF83340FD}.Debug|Any CPU.ActiveCfg = Debug|Any CPU
		{C956DD76-69C8-4A9C-83EA-D17DF83340FD}.Debug|Any CPU.Build.0 = Debug|Any CPU
		{C956DD76-69C8-4A9C-83EA-D17DF83340FD}.Release|Any CPU.ActiveCfg = Release|Any CPU
		{C956DD76-69C8-4A9C-83EA-D17DF83340FD}.Release|Any CPU.Build.0 = Release|Any CPU
		{50B2631D-129C-47B3-A587-029CCD6099BC}.Debug|Any CPU.ActiveCfg = Debug|Any CPU
		{50B2631D-129C-47B3-A587-029CCD6099BC}.Debug|Any CPU.Build.0 = Debug|Any CPU
		{50B2631D-129C-47B3-A587-029CCD6099BC}.Release|Any CPU.ActiveCfg = Release|Any CPU
		{50B2631D-129C-47B3-A587-029CCD6099BC}.Release|Any CPU.Build.0 = Release|Any CPU
		{42F719ED-8413-4895-B5B4-5AB56079BC66}.Debug|Any CPU.ActiveCfg = Debug|Any CPU
		{42F719ED-8413-4895-B5B4-5AB56079BC66}.Debug|Any CPU.Build.0 = Debug|Any CPU
		{42F719ED-8413-4895-B5B4-5AB56079BC66}.Release|Any CPU.ActiveCfg = Release|Any CPU
		{42F719ED-8413-4895-B5B4-5AB56079BC66}.Release|Any CPU.Build.0 = Release|Any CPU
		{520659C8-C734-4298-A3DA-B539DB9DFC0B}.Debug|Any CPU.ActiveCfg = Debug|Any CPU
		{520659C8-C734-4298-A3DA-B539DB9DFC0B}.Debug|Any CPU.Build.0 = Debug|Any CPU
		{520659C8-C734-4298-A3DA-B539DB9DFC0B}.Release|Any CPU.ActiveCfg = Release|Any CPU
		{520659C8-C734-4298-A3DA-B539DB9DFC0B}.Release|Any CPU.Build.0 = Release|Any CPU
		{4164BDF7-F527-4E85-9CE6-E3C2D7426A27}.Debug|Any CPU.ActiveCfg = Debug|Any CPU
		{4164BDF7-F527-4E85-9CE6-E3C2D7426A27}.Debug|Any CPU.Build.0 = Debug|Any CPU
		{4164BDF7-F527-4E85-9CE6-E3C2D7426A27}.Release|Any CPU.ActiveCfg = Release|Any CPU
		{4164BDF7-F527-4E85-9CE6-E3C2D7426A27}.Release|Any CPU.Build.0 = Release|Any CPU
		{3B5A0094-670D-4BB1-BFDD-61B88A8773DC}.Debug|Any CPU.ActiveCfg = Debug|Any CPU
		{3B5A0094-670D-4BB1-BFDD-61B88A8773DC}.Debug|Any CPU.Build.0 = Debug|Any CPU
		{3B5A0094-670D-4BB1-BFDD-61B88A8773DC}.Release|Any CPU.ActiveCfg = Release|Any CPU
		{3B5A0094-670D-4BB1-BFDD-61B88A8773DC}.Release|Any CPU.Build.0 = Release|Any CPU
		{073C361E-B8F4-49F5-93CC-72A3FF49C026}.Debug|Any CPU.ActiveCfg = Debug|Any CPU
		{073C361E-B8F4-49F5-93CC-72A3FF49C026}.Debug|Any CPU.Build.0 = Debug|Any CPU
		{073C361E-B8F4-49F5-93CC-72A3FF49C026}.Release|Any CPU.ActiveCfg = Release|Any CPU
		{073C361E-B8F4-49F5-93CC-72A3FF49C026}.Release|Any CPU.Build.0 = Release|Any CPU
		{E6D5BF0E-DE92-4D82-A352-EF04B37CB11C}.Debug|Any CPU.ActiveCfg = Debug|Any CPU
		{E6D5BF0E-DE92-4D82-A352-EF04B37CB11C}.Debug|Any CPU.Build.0 = Debug|Any CPU
		{E6D5BF0E-DE92-4D82-A352-EF04B37CB11C}.Release|Any CPU.ActiveCfg = Release|Any CPU
		{E6D5BF0E-DE92-4D82-A352-EF04B37CB11C}.Release|Any CPU.Build.0 = Release|Any CPU
		{1FE30EB9-74A9-47F5-A9F6-7B1FAB672D81}.Debug|Any CPU.ActiveCfg = Debug|Any CPU
		{1FE30EB9-74A9-47F5-A9F6-7B1FAB672D81}.Debug|Any CPU.Build.0 = Debug|Any CPU
		{1FE30EB9-74A9-47F5-A9F6-7B1FAB672D81}.Release|Any CPU.ActiveCfg = Release|Any CPU
		{1FE30EB9-74A9-47F5-A9F6-7B1FAB672D81}.Release|Any CPU.Build.0 = Release|Any CPU
		{91853F21-9CD9-4132-BC29-A7D5D84FFFE7}.Debug|Any CPU.ActiveCfg = Debug|Any CPU
		{91853F21-9CD9-4132-BC29-A7D5D84FFFE7}.Debug|Any CPU.Build.0 = Debug|Any CPU
		{91853F21-9CD9-4132-BC29-A7D5D84FFFE7}.Release|Any CPU.ActiveCfg = Release|Any CPU
		{91853F21-9CD9-4132-BC29-A7D5D84FFFE7}.Release|Any CPU.Build.0 = Release|Any CPU
		{E512F4D9-9375-480F-A2F6-A46509F9D824}.Debug|Any CPU.ActiveCfg = Debug|Any CPU
		{E512F4D9-9375-480F-A2F6-A46509F9D824}.Debug|Any CPU.Build.0 = Debug|Any CPU
		{E512F4D9-9375-480F-A2F6-A46509F9D824}.Release|Any CPU.ActiveCfg = Release|Any CPU
		{E512F4D9-9375-480F-A2F6-A46509F9D824}.Release|Any CPU.Build.0 = Release|Any CPU
		{EF480016-9127-4916-8735-D2466BDBC582}.Debug|Any CPU.ActiveCfg = Debug|Any CPU
		{EF480016-9127-4916-8735-D2466BDBC582}.Debug|Any CPU.Build.0 = Debug|Any CPU
		{EF480016-9127-4916-8735-D2466BDBC582}.Release|Any CPU.ActiveCfg = Release|Any CPU
		{EF480016-9127-4916-8735-D2466BDBC582}.Release|Any CPU.Build.0 = Release|Any CPU
		{AA94D832-1CCC-4715-95A9-A483F23A1A5D}.Debug|Any CPU.ActiveCfg = Debug|Any CPU
		{AA94D832-1CCC-4715-95A9-A483F23A1A5D}.Debug|Any CPU.Build.0 = Debug|Any CPU
		{AA94D832-1CCC-4715-95A9-A483F23A1A5D}.Release|Any CPU.ActiveCfg = Release|Any CPU
		{AA94D832-1CCC-4715-95A9-A483F23A1A5D}.Release|Any CPU.Build.0 = Release|Any CPU
		{27B2DDC7-8B75-4322-A312-25419C15D9D8}.Debug|Any CPU.ActiveCfg = Debug|Any CPU
		{27B2DDC7-8B75-4322-A312-25419C15D9D8}.Debug|Any CPU.Build.0 = Debug|Any CPU
		{27B2DDC7-8B75-4322-A312-25419C15D9D8}.Release|Any CPU.ActiveCfg = Release|Any CPU
		{27B2DDC7-8B75-4322-A312-25419C15D9D8}.Release|Any CPU.Build.0 = Release|Any CPU
	EndGlobalSection
	GlobalSection(SolutionProperties) = preSolution
		HideSolutionNode = FALSE
	EndGlobalSection
	GlobalSection(NestedProjects) = preSolution
		{41ec5df1-3d6a-4d1c-bd91-968478993058} = {bf3fb587-9d7a-4ea2-a8b1-7f2e47e97f51}
		{3f93c433-341c-4a9e-8d81-ef8731572f08} = {bf3fb587-9d7a-4ea2-a8b1-7f2e47e97f51}
		{9e89873f-78a7-4002-bc5a-516566f59404} = {bf3fb587-9d7a-4ea2-a8b1-7f2e47e97f51}
		{62dfa48d-42b7-4fc1-a4ff-1b14c20594b2} = {bf3fb587-9d7a-4ea2-a8b1-7f2e47e97f51}
		{e3038373-a689-47d8-96ec-f9a7c8765908} = {bf3fb587-9d7a-4ea2-a8b1-7f2e47e97f51}
		{64abfb84-5a9b-446d-bf4a-3d5698e201c3} = {3ee66aaa-541d-4de8-adfc-f71cb30c318e}
		{88bb997a-2def-4ca8-9e6e-a093141f2da3} = {3ee66aaa-541d-4de8-adfc-f71cb30c318e}
		{f00750b5-09f3-4293-b405-696c3aee2e0f} = {3ee66aaa-541d-4de8-adfc-f71cb30c318e}
		{d3beb635-069e-4f44-8a7b-d3f2021b7a9a} = {3ee66aaa-541d-4de8-adfc-f71cb30c318e}
		{bccf7c7f-0685-4d74-8435-99ab7bb9f9a3} = {3ee66aaa-541d-4de8-adfc-f71cb30c318e}
		{0695fbcd-5bbc-4040-baf8-b11f47f29489} = {3ee66aaa-541d-4de8-adfc-f71cb30c318e}
		{297ba109-37bf-48c7-948c-399f975cdcc5} = {3ee66aaa-541d-4de8-adfc-f71cb30c318e}
		{59dc4244-e69e-441f-b5e0-8bdd0aec67ff} = {3ee66aaa-541d-4de8-adfc-f71cb30c318e}
		{9ef4d6ba-87e6-4af8-803b-3ab26e33e143} = {3ee66aaa-541d-4de8-adfc-f71cb30c318e}
		{44f60f6f-df56-4549-8991-0639656c2f58} = {3ee66aaa-541d-4de8-adfc-f71cb30c318e}
		{bf3fb587-9d7a-4ea2-a8b1-7f2e47e97f51} = {04DBDB01-70F4-4E06-B468-8F87850B22BE}
		{3ee66aaa-541d-4de8-adfc-f71cb30c318e} = {B05D4B58-F0F6-4BDE-8DEC-D892A7C86D0E}
		{554AD327-6DBA-4F8F-96F8-81CE7A0C863F} = {CA9AC87F-097E-4F15-8393-4BC07735A5B0}
		{0E431625-D532-47A7-AC6A-8EBE47979B48} = {528923AA-2D61-45FB-87BC-BA1C7BF8CF71}
		{FEB07A69-5E5C-4E40-9155-BB6EBEAD24BC} = {528923AA-2D61-45FB-87BC-BA1C7BF8CF71}
		{078016EA-CC8E-4E63-B2D2-63D69CDB696E} = {528923AA-2D61-45FB-87BC-BA1C7BF8CF71}
		{1617DDAC-592B-43DB-B307-1A6B5DBE18F0} = {528923AA-2D61-45FB-87BC-BA1C7BF8CF71}
		{CB4B7B76-A93A-4A14-A3D9-7BF10F257AE1} = {528923AA-2D61-45FB-87BC-BA1C7BF8CF71}
		{359884D9-1A04-43CD-BBB3-AB0A8751555E} = {7FF6D3CF-F01C-4C0B-BF8B-9A0F97956B4B}
		{EDA8E1D4-2833-4AA4-BA28-A0CEBDED4DBF} = {7FF6D3CF-F01C-4C0B-BF8B-9A0F97956B4B}
		{C43A7912-4E36-4793-AA23-F81726F44604} = {7FF6D3CF-F01C-4C0B-BF8B-9A0F97956B4B}
		{729A352D-1904-4F2D-9C96-2802CD74D1EA} = {7FF6D3CF-F01C-4C0B-BF8B-9A0F97956B4B}
		{E3A1E563-FEA4-4DA1-8831-25664A8D7A0E} = {7FF6D3CF-F01C-4C0B-BF8B-9A0F97956B4B}
		{4161607D-E373-45D2-A1CF-59F2F0DE5DE8} = {7FF6D3CF-F01C-4C0B-BF8B-9A0F97956B4B}
		{BE52A207-D654-4293-A222-D90447C2F6C6} = {7FF6D3CF-F01C-4C0B-BF8B-9A0F97956B4B}
		{C835D39F-48DD-4852-905A-E0FED05D6A10} = {7FF6D3CF-F01C-4C0B-BF8B-9A0F97956B4B}
		{E4E69A61-41FE-4BFA-BFD1-0FEC8A8B8586} = {7FF6D3CF-F01C-4C0B-BF8B-9A0F97956B4B}
		{1720FCEF-9817-49BA-9800-D41EEE89629D} = {7FF6D3CF-F01C-4C0B-BF8B-9A0F97956B4B}
		{528923AA-2D61-45FB-87BC-BA1C7BF8CF71} = {04DBDB01-70F4-4E06-B468-8F87850B22BE}
		{7FF6D3CF-F01C-4C0B-BF8B-9A0F97956B4B} = {B05D4B58-F0F6-4BDE-8DEC-D892A7C86D0E}
		{1A94A50E-06DC-43C1-80B5-B662820EC3EB} = {CA9AC87F-097E-4F15-8393-4BC07735A5B0}
		{C956DD76-69C8-4A9C-83EA-D17DF83340FD} = {CA9AC87F-097E-4F15-8393-4BC07735A5B0}
		{50B2631D-129C-47B3-A587-029CCD6099BC} = {04DBDB01-70F4-4E06-B468-8F87850B22BE}
		{42F719ED-8413-4895-B5B4-5AB56079BC66} = {CA9AC87F-097E-4F15-8393-4BC07735A5B0}
		{520659C8-C734-4298-A3DA-B539DB9DFC0B} = {CA9AC87F-097E-4F15-8393-4BC07735A5B0}
		{4164BDF7-F527-4E85-9CE6-E3C2D7426A27} = {CA9AC87F-097E-4F15-8393-4BC07735A5B0}
		{3B5A0094-670D-4BB1-BFDD-61B88A8773DC} = {CA9AC87F-097E-4F15-8393-4BC07735A5B0}
		{073C361E-B8F4-49F5-93CC-72A3FF49C026} = {CA9AC87F-097E-4F15-8393-4BC07735A5B0}
		{E6D5BF0E-DE92-4D82-A352-EF04B37CB11C} = {CA9AC87F-097E-4F15-8393-4BC07735A5B0}
		{1FE30EB9-74A9-47F5-A9F6-7B1FAB672D81} = {04DBDB01-70F4-4E06-B468-8F87850B22BE}
		{91853F21-9CD9-4132-BC29-A7D5D84FFFE7} = {04DBDB01-70F4-4E06-B468-8F87850B22BE}
		{E512F4D9-9375-480F-A2F6-A46509F9D824} = {04DBDB01-70F4-4E06-B468-8F87850B22BE}
		{EF480016-9127-4916-8735-D2466BDBC582} = {04DBDB01-70F4-4E06-B468-8F87850B22BE}
		{AA94D832-1CCC-4715-95A9-A483F23A1A5D} = {CA9AC87F-097E-4F15-8393-4BC07735A5B0}
		{27B2DDC7-8B75-4322-A312-25419C15D9D8} = {CA9AC87F-097E-4F15-8393-4BC07735A5B0}
	EndGlobalSection
	GlobalSection(ExtensibilityGlobals) = postSolution
		SolutionGuid = {28315BFD-90E7-4E14-A2EA-F3D23AF4126F}
	EndGlobalSection
EndGlobal
